// !$*UTF8*$!
{
	archiveVersion = 1;
	classes = {
	};
	objectVersion = 50;
	objects = {

/* Begin PBXBuildFile section */
		16E41A7125345072003888C9 /* AppDelegate.swift in Sources */ = {isa = PBXBuildFile; fileRef = 16E41A7025345072003888C9 /* AppDelegate.swift */; };
		16E41A7325345072003888C9 /* ContentView.swift in Sources */ = {isa = PBXBuildFile; fileRef = 16E41A7225345072003888C9 /* ContentView.swift */; };
		16E41A7525345074003888C9 /* Assets.xcassets in Resources */ = {isa = PBXBuildFile; fileRef = 16E41A7425345074003888C9 /* Assets.xcassets */; };
		16E41A7825345074003888C9 /* Preview Assets.xcassets in Resources */ = {isa = PBXBuildFile; fileRef = 16E41A7725345074003888C9 /* Preview Assets.xcassets */; };
		16E41A7B25345074003888C9 /* Main.storyboard in Resources */ = {isa = PBXBuildFile; fileRef = 16E41A7925345074003888C9 /* Main.storyboard */; };
		16E41A8725345075003888C9 /* PlantWatcherTests.swift in Sources */ = {isa = PBXBuildFile; fileRef = 16E41A8625345075003888C9 /* PlantWatcherTests.swift */; };
		16E41A9225345075003888C9 /* PlantWatcherUITests.swift in Sources */ = {isa = PBXBuildFile; fileRef = 16E41A9125345075003888C9 /* PlantWatcherUITests.swift */; };
/* End PBXBuildFile section */

/* Begin PBXContainerItemProxy section */
		16E41A8325345075003888C9 /* PBXContainerItemProxy */ = {
			isa = PBXContainerItemProxy;
			containerPortal = 16E41A6525345072003888C9 /* Project object */;
			proxyType = 1;
			remoteGlobalIDString = 16E41A6C25345072003888C9;
			remoteInfo = PlantWatcher;
		};
		16E41A8E25345075003888C9 /* PBXContainerItemProxy */ = {
			isa = PBXContainerItemProxy;
			containerPortal = 16E41A6525345072003888C9 /* Project object */;
			proxyType = 1;
			remoteGlobalIDString = 16E41A6C25345072003888C9;
			remoteInfo = PlantWatcher;
		};
/* End PBXContainerItemProxy section */

/* Begin PBXFileReference section */
		16E41A6D25345072003888C9 /* PlantWatcher.app */ = {isa = PBXFileReference; explicitFileType = wrapper.application; includeInIndex = 0; path = PlantWatcher.app; sourceTree = BUILT_PRODUCTS_DIR; };
		16E41A7025345072003888C9 /* AppDelegate.swift */ = {isa = PBXFileReference; lastKnownFileType = sourcecode.swift; path = AppDelegate.swift; sourceTree = "<group>"; };
		16E41A7225345072003888C9 /* ContentView.swift */ = {isa = PBXFileReference; lastKnownFileType = sourcecode.swift; path = ContentView.swift; sourceTree = "<group>"; };
		16E41A7425345074003888C9 /* Assets.xcassets */ = {isa = PBXFileReference; lastKnownFileType = folder.assetcatalog; path = Assets.xcassets; sourceTree = "<group>"; };
		16E41A7725345074003888C9 /* Preview Assets.xcassets */ = {isa = PBXFileReference; lastKnownFileType = folder.assetcatalog; path = "Preview Assets.xcassets"; sourceTree = "<group>"; };
		16E41A7A25345074003888C9 /* Base */ = {isa = PBXFileReference; lastKnownFileType = file.storyboard; name = Base; path = Base.lproj/Main.storyboard; sourceTree = "<group>"; };
		16E41A7C25345074003888C9 /* Info.plist */ = {isa = PBXFileReference; lastKnownFileType = text.plist.xml; path = Info.plist; sourceTree = "<group>"; };
		16E41A7D25345074003888C9 /* PlantWatcher.entitlements */ = {isa = PBXFileReference; lastKnownFileType = text.plist.entitlements; path = PlantWatcher.entitlements; sourceTree = "<group>"; };
		16E41A8225345075003888C9 /* PlantWatcherTests.xctest */ = {isa = PBXFileReference; explicitFileType = wrapper.cfbundle; includeInIndex = 0; path = PlantWatcherTests.xctest; sourceTree = BUILT_PRODUCTS_DIR; };
		16E41A8625345075003888C9 /* PlantWatcherTests.swift */ = {isa = PBXFileReference; lastKnownFileType = sourcecode.swift; path = PlantWatcherTests.swift; sourceTree = "<group>"; };
		16E41A8825345075003888C9 /* Info.plist */ = {isa = PBXFileReference; lastKnownFileType = text.plist.xml; path = Info.plist; sourceTree = "<group>"; };
		16E41A8D25345075003888C9 /* PlantWatcherUITests.xctest */ = {isa = PBXFileReference; explicitFileType = wrapper.cfbundle; includeInIndex = 0; path = PlantWatcherUITests.xctest; sourceTree = BUILT_PRODUCTS_DIR; };
		16E41A9125345075003888C9 /* PlantWatcherUITests.swift */ = {isa = PBXFileReference; lastKnownFileType = sourcecode.swift; path = PlantWatcherUITests.swift; sourceTree = "<group>"; };
		16E41A9325345075003888C9 /* Info.plist */ = {isa = PBXFileReference; lastKnownFileType = text.plist.xml; path = Info.plist; sourceTree = "<group>"; };
/* End PBXFileReference section */

/* Begin PBXFrameworksBuildPhase section */
		16E41A6A25345072003888C9 /* Frameworks */ = {
			isa = PBXFrameworksBuildPhase;
			buildActionMask = 2147483647;
			files = (
			);
			runOnlyForDeploymentPostprocessing = 0;
		};
		16E41A7F25345075003888C9 /* Frameworks */ = {
			isa = PBXFrameworksBuildPhase;
			buildActionMask = 2147483647;
			files = (
			);
			runOnlyForDeploymentPostprocessing = 0;
		};
		16E41A8A25345075003888C9 /* Frameworks */ = {
			isa = PBXFrameworksBuildPhase;
			buildActionMask = 2147483647;
			files = (
			);
			runOnlyForDeploymentPostprocessing = 0;
		};
/* End PBXFrameworksBuildPhase section */

/* Begin PBXGroup section */
		16E41A6425345072003888C9 = {
			isa = PBXGroup;
			children = (
				16E41A6F25345072003888C9 /* PlantWatcher */,
				16E41A8525345075003888C9 /* PlantWatcherTests */,
				16E41A9025345075003888C9 /* PlantWatcherUITests */,
				16E41A6E25345072003888C9 /* Products */,
			);
			sourceTree = "<group>";
		};
		16E41A6E25345072003888C9 /* Products */ = {
			isa = PBXGroup;
			children = (
				16E41A6D25345072003888C9 /* PlantWatcher.app */,
				16E41A8225345075003888C9 /* PlantWatcherTests.xctest */,
				16E41A8D25345075003888C9 /* PlantWatcherUITests.xctest */,
			);
			name = Products;
			sourceTree = "<group>";
		};
		16E41A6F25345072003888C9 /* PlantWatcher */ = {
			isa = PBXGroup;
			children = (
				16E41A7025345072003888C9 /* AppDelegate.swift */,
				16E41A7225345072003888C9 /* ContentView.swift */,
				16E41A7425345074003888C9 /* Assets.xcassets */,
				16E41A7925345074003888C9 /* Main.storyboard */,
				16E41A7C25345074003888C9 /* Info.plist */,
				16E41A7D25345074003888C9 /* PlantWatcher.entitlements */,
				16E41A7625345074003888C9 /* Preview Content */,
			);
			path = PlantWatcher;
			sourceTree = "<group>";
		};
		16E41A7625345074003888C9 /* Preview Content */ = {
			isa = PBXGroup;
			children = (
				16E41A7725345074003888C9 /* Preview Assets.xcassets */,
			);
			path = "Preview Content";
			sourceTree = "<group>";
		};
		16E41A8525345075003888C9 /* PlantWatcherTests */ = {
			isa = PBXGroup;
			children = (
				16E41A8625345075003888C9 /* PlantWatcherTests.swift */,
				16E41A8825345075003888C9 /* Info.plist */,
			);
			path = PlantWatcherTests;
			sourceTree = "<group>";
		};
		16E41A9025345075003888C9 /* PlantWatcherUITests */ = {
			isa = PBXGroup;
			children = (
				16E41A9125345075003888C9 /* PlantWatcherUITests.swift */,
				16E41A9325345075003888C9 /* Info.plist */,
			);
			path = PlantWatcherUITests;
			sourceTree = "<group>";
		};
/* End PBXGroup section */

/* Begin PBXNativeTarget section */
		16E41A6C25345072003888C9 /* PlantWatcher */ = {
			isa = PBXNativeTarget;
			buildConfigurationList = 16E41A9625345075003888C9 /* Build configuration list for PBXNativeTarget "PlantWatcher" */;
			buildPhases = (
				16E41A6925345072003888C9 /* Sources */,
				16E41A6A25345072003888C9 /* Frameworks */,
				16E41A6B25345072003888C9 /* Resources */,
			);
			buildRules = (
			);
			dependencies = (
			);
			name = PlantWatcher;
			productName = PlantWatcher;
			productReference = 16E41A6D25345072003888C9 /* PlantWatcher.app */;
			productType = "com.apple.product-type.application";
		};
		16E41A8125345075003888C9 /* PlantWatcherTests */ = {
			isa = PBXNativeTarget;
			buildConfigurationList = 16E41A9925345075003888C9 /* Build configuration list for PBXNativeTarget "PlantWatcherTests" */;
			buildPhases = (
				16E41A7E25345075003888C9 /* Sources */,
				16E41A7F25345075003888C9 /* Frameworks */,
				16E41A8025345075003888C9 /* Resources */,
			);
			buildRules = (
			);
			dependencies = (
				16E41A8425345075003888C9 /* PBXTargetDependency */,
			);
			name = PlantWatcherTests;
			productName = PlantWatcherTests;
			productReference = 16E41A8225345075003888C9 /* PlantWatcherTests.xctest */;
			productType = "com.apple.product-type.bundle.unit-test";
		};
		16E41A8C25345075003888C9 /* PlantWatcherUITests */ = {
			isa = PBXNativeTarget;
			buildConfigurationList = 16E41A9C25345075003888C9 /* Build configuration list for PBXNativeTarget "PlantWatcherUITests" */;
			buildPhases = (
				16E41A8925345075003888C9 /* Sources */,
				16E41A8A25345075003888C9 /* Frameworks */,
				16E41A8B25345075003888C9 /* Resources */,
			);
			buildRules = (
			);
			dependencies = (
				16E41A8F25345075003888C9 /* PBXTargetDependency */,
			);
			name = PlantWatcherUITests;
			productName = PlantWatcherUITests;
			productReference = 16E41A8D25345075003888C9 /* PlantWatcherUITests.xctest */;
			productType = "com.apple.product-type.bundle.ui-testing";
		};
/* End PBXNativeTarget section */

/* Begin PBXProject section */
		16E41A6525345072003888C9 /* Project object */ = {
			isa = PBXProject;
			attributes = {
				LastSwiftUpdateCheck = 1150;
				LastUpgradeCheck = 1150;
				ORGANIZATIONNAME = "Madeleine Malmsten";
				TargetAttributes = {
					16E41A6C25345072003888C9 = {
						CreatedOnToolsVersion = 11.5;
					};
					16E41A8125345075003888C9 = {
						CreatedOnToolsVersion = 11.5;
						TestTargetID = 16E41A6C25345072003888C9;
					};
					16E41A8C25345075003888C9 = {
						CreatedOnToolsVersion = 11.5;
						TestTargetID = 16E41A6C25345072003888C9;
					};
				};
			};
			buildConfigurationList = 16E41A6825345072003888C9 /* Build configuration list for PBXProject "PlantWatcher" */;
			compatibilityVersion = "Xcode 9.3";
			developmentRegion = en;
			hasScannedForEncodings = 0;
			knownRegions = (
				en,
				Base,
			);
			mainGroup = 16E41A6425345072003888C9;
			productRefGroup = 16E41A6E25345072003888C9 /* Products */;
			projectDirPath = "";
			projectRoot = "";
			targets = (
				16E41A6C25345072003888C9 /* PlantWatcher */,
				16E41A8125345075003888C9 /* PlantWatcherTests */,
				16E41A8C25345075003888C9 /* PlantWatcherUITests */,
			);
		};
/* End PBXProject section */

/* Begin PBXResourcesBuildPhase section */
		16E41A6B25345072003888C9 /* Resources */ = {
			isa = PBXResourcesBuildPhase;
			buildActionMask = 2147483647;
			files = (
				16E41A7B25345074003888C9 /* Main.storyboard in Resources */,
				16E41A7825345074003888C9 /* Preview Assets.xcassets in Resources */,
				16E41A7525345074003888C9 /* Assets.xcassets in Resources */,
			);
			runOnlyForDeploymentPostprocessing = 0;
		};
		16E41A8025345075003888C9 /* Resources */ = {
			isa = PBXResourcesBuildPhase;
			buildActionMask = 2147483647;
			files = (
			);
			runOnlyForDeploymentPostprocessing = 0;
		};
		16E41A8B25345075003888C9 /* Resources */ = {
			isa = PBXResourcesBuildPhase;
			buildActionMask = 2147483647;
			files = (
			);
			runOnlyForDeploymentPostprocessing = 0;
		};
/* End PBXResourcesBuildPhase section */

/* Begin PBXSourcesBuildPhase section */
		16E41A6925345072003888C9 /* Sources */ = {
			isa = PBXSourcesBuildPhase;
			buildActionMask = 2147483647;
			files = (
				16E41A7325345072003888C9 /* ContentView.swift in Sources */,
				16E41A7125345072003888C9 /* AppDelegate.swift in Sources */,
			);
			runOnlyForDeploymentPostprocessing = 0;
		};
		16E41A7E25345075003888C9 /* Sources */ = {
			isa = PBXSourcesBuildPhase;
			buildActionMask = 2147483647;
			files = (
				16E41A8725345075003888C9 /* PlantWatcherTests.swift in Sources */,
			);
			runOnlyForDeploymentPostprocessing = 0;
		};
		16E41A8925345075003888C9 /* Sources */ = {
			isa = PBXSourcesBuildPhase;
			buildActionMask = 2147483647;
			files = (
				16E41A9225345075003888C9 /* PlantWatcherUITests.swift in Sources */,
			);
			runOnlyForDeploymentPostprocessing = 0;
		};
/* End PBXSourcesBuildPhase section */

/* Begin PBXTargetDependency section */
		16E41A8425345075003888C9 /* PBXTargetDependency */ = {
			isa = PBXTargetDependency;
			target = 16E41A6C25345072003888C9 /* PlantWatcher */;
			targetProxy = 16E41A8325345075003888C9 /* PBXContainerItemProxy */;
		};
		16E41A8F25345075003888C9 /* PBXTargetDependency */ = {
			isa = PBXTargetDependency;
			target = 16E41A6C25345072003888C9 /* PlantWatcher */;
			targetProxy = 16E41A8E25345075003888C9 /* PBXContainerItemProxy */;
		};
/* End PBXTargetDependency section */

/* Begin PBXVariantGroup section */
		16E41A7925345074003888C9 /* Main.storyboard */ = {
			isa = PBXVariantGroup;
			children = (
				16E41A7A25345074003888C9 /* Base */,
			);
			name = Main.storyboard;
			sourceTree = "<group>";
		};
/* End PBXVariantGroup section */

/* Begin XCBuildConfiguration section */
		16E41A9425345075003888C9 /* Debug */ = {
			isa = XCBuildConfiguration;
			buildSettings = {
				ALWAYS_SEARCH_USER_PATHS = NO;
				CLANG_ANALYZER_NONNULL = YES;
				CLANG_ANALYZER_NUMBER_OBJECT_CONVERSION = YES_AGGRESSIVE;
				CLANG_CXX_LANGUAGE_STANDARD = "gnu++14";
				CLANG_CXX_LIBRARY = "libc++";
				CLANG_ENABLE_MODULES = YES;
				CLANG_ENABLE_OBJC_ARC = YES;
				CLANG_ENABLE_OBJC_WEAK = YES;
				CLANG_WARN_BLOCK_CAPTURE_AUTORELEASING = YES;
				CLANG_WARN_BOOL_CONVERSION = YES;
				CLANG_WARN_COMMA = YES;
				CLANG_WARN_CONSTANT_CONVERSION = YES;
				CLANG_WARN_DEPRECATED_OBJC_IMPLEMENTATIONS = YES;
				CLANG_WARN_DIRECT_OBJC_ISA_USAGE = YES_ERROR;
				CLANG_WARN_DOCUMENTATION_COMMENTS = YES;
				CLANG_WARN_EMPTY_BODY = YES;
				CLANG_WARN_ENUM_CONVERSION = YES;
				CLANG_WARN_INFINITE_RECURSION = YES;
				CLANG_WARN_INT_CONVERSION = YES;
				CLANG_WARN_NON_LITERAL_NULL_CONVERSION = YES;
				CLANG_WARN_OBJC_IMPLICIT_RETAIN_SELF = YES;
				CLANG_WARN_OBJC_LITERAL_CONVERSION = YES;
				CLANG_WARN_OBJC_ROOT_CLASS = YES_ERROR;
				CLANG_WARN_RANGE_LOOP_ANALYSIS = YES;
				CLANG_WARN_STRICT_PROTOTYPES = YES;
				CLANG_WARN_SUSPICIOUS_MOVE = YES;
				CLANG_WARN_UNGUARDED_AVAILABILITY = YES_AGGRESSIVE;
				CLANG_WARN_UNREACHABLE_CODE = YES;
				CLANG_WARN__DUPLICATE_METHOD_MATCH = YES;
				COPY_PHASE_STRIP = NO;
				DEBUG_INFORMATION_FORMAT = dwarf;
				ENABLE_STRICT_OBJC_MSGSEND = YES;
				ENABLE_TESTABILITY = YES;
				GCC_C_LANGUAGE_STANDARD = gnu11;
				GCC_DYNAMIC_NO_PIC = NO;
				GCC_NO_COMMON_BLOCKS = YES;
				GCC_OPTIMIZATION_LEVEL = 0;
				GCC_PREPROCESSOR_DEFINITIONS = (
					"DEBUG=1",
					"$(inherited)",
				);
				GCC_WARN_64_TO_32_BIT_CONVERSION = YES;
				GCC_WARN_ABOUT_RETURN_TYPE = YES_ERROR;
				GCC_WARN_UNDECLARED_SELECTOR = YES;
				GCC_WARN_UNINITIALIZED_AUTOS = YES_AGGRESSIVE;
				GCC_WARN_UNUSED_FUNCTION = YES;
				GCC_WARN_UNUSED_VARIABLE = YES;
				MACOSX_DEPLOYMENT_TARGET = 10.15;
				MTL_ENABLE_DEBUG_INFO = INCLUDE_SOURCE;
				MTL_FAST_MATH = YES;
				ONLY_ACTIVE_ARCH = YES;
				SDKROOT = macosx;
				SWIFT_ACTIVE_COMPILATION_CONDITIONS = DEBUG;
				SWIFT_OPTIMIZATION_LEVEL = "-Onone";
			};
			name = Debug;
		};
		16E41A9525345075003888C9 /* Release */ = {
			isa = XCBuildConfiguration;
			buildSettings = {
				ALWAYS_SEARCH_USER_PATHS = NO;
				CLANG_ANALYZER_NONNULL = YES;
				CLANG_ANALYZER_NUMBER_OBJECT_CONVERSION = YES_AGGRESSIVE;
				CLANG_CXX_LANGUAGE_STANDARD = "gnu++14";
				CLANG_CXX_LIBRARY = "libc++";
				CLANG_ENABLE_MODULES = YES;
				CLANG_ENABLE_OBJC_ARC = YES;
				CLANG_ENABLE_OBJC_WEAK = YES;
				CLANG_WARN_BLOCK_CAPTURE_AUTORELEASING = YES;
				CLANG_WARN_BOOL_CONVERSION = YES;
				CLANG_WARN_COMMA = YES;
				CLANG_WARN_CONSTANT_CONVERSION = YES;
				CLANG_WARN_DEPRECATED_OBJC_IMPLEMENTATIONS = YES;
				CLANG_WARN_DIRECT_OBJC_ISA_USAGE = YES_ERROR;
				CLANG_WARN_DOCUMENTATION_COMMENTS = YES;
				CLANG_WARN_EMPTY_BODY = YES;
				CLANG_WARN_ENUM_CONVERSION = YES;
				CLANG_WARN_INFINITE_RECURSION = YES;
				CLANG_WARN_INT_CONVERSION = YES;
				CLANG_WARN_NON_LITERAL_NULL_CONVERSION = YES;
				CLANG_WARN_OBJC_IMPLICIT_RETAIN_SELF = YES;
				CLANG_WARN_OBJC_LITERAL_CONVERSION = YES;
				CLANG_WARN_OBJC_ROOT_CLASS = YES_ERROR;
				CLANG_WARN_RANGE_LOOP_ANALYSIS = YES;
				CLANG_WARN_STRICT_PROTOTYPES = YES;
				CLANG_WARN_SUSPICIOUS_MOVE = YES;
				CLANG_WARN_UNGUARDED_AVAILABILITY = YES_AGGRESSIVE;
				CLANG_WARN_UNREACHABLE_CODE = YES;
				CLANG_WARN__DUPLICATE_METHOD_MATCH = YES;
				COPY_PHASE_STRIP = NO;
				DEBUG_INFORMATION_FORMAT = "dwarf-with-dsym";
				ENABLE_NS_ASSERTIONS = NO;
				ENABLE_STRICT_OBJC_MSGSEND = YES;
				GCC_C_LANGUAGE_STANDARD = gnu11;
				GCC_NO_COMMON_BLOCKS = YES;
				GCC_WARN_64_TO_32_BIT_CONVERSION = YES;
				GCC_WARN_ABOUT_RETURN_TYPE = YES_ERROR;
				GCC_WARN_UNDECLARED_SELECTOR = YES;
				GCC_WARN_UNINITIALIZED_AUTOS = YES_AGGRESSIVE;
				GCC_WARN_UNUSED_FUNCTION = YES;
				GCC_WARN_UNUSED_VARIABLE = YES;
				MACOSX_DEPLOYMENT_TARGET = 10.15;
				MTL_ENABLE_DEBUG_INFO = NO;
				MTL_FAST_MATH = YES;
				SDKROOT = macosx;
				SWIFT_COMPILATION_MODE = wholemodule;
				SWIFT_OPTIMIZATION_LEVEL = "-O";
			};
			name = Release;
		};
		16E41A9725345075003888C9 /* Debug */ = {
			isa = XCBuildConfiguration;
			buildSettings = {
				ASSETCATALOG_COMPILER_APPICON_NAME = AppIcon;
				CODE_SIGN_ENTITLEMENTS = PlantWatcher/PlantWatcher.entitlements;
				CODE_SIGN_STYLE = Automatic;
				COMBINE_HIDPI_IMAGES = YES;
				DEVELOPMENT_ASSET_PATHS = "\"PlantWatcher/Preview Content\"";
				ENABLE_PREVIEWS = YES;
				INFOPLIST_FILE = PlantWatcher/Info.plist;
				LD_RUNPATH_SEARCH_PATHS = (
					"$(inherited)",
					"@executable_path/../Frameworks",
				);
				MACOSX_DEPLOYMENT_TARGET = 10.15;
				PRODUCT_BUNDLE_IDENTIFIER = com.mmalmsten.PlantWatcher;
				PRODUCT_NAME = "$(TARGET_NAME)";
				SWIFT_VERSION = 5.0;
			};
			name = Debug;
		};
		16E41A9825345075003888C9 /* Release */ = {
			isa = XCBuildConfiguration;
			buildSettings = {
				ASSETCATALOG_COMPILER_APPICON_NAME = AppIcon;
				CODE_SIGN_ENTITLEMENTS = PlantWatcher/PlantWatcher.entitlements;
				CODE_SIGN_STYLE = Automatic;
				COMBINE_HIDPI_IMAGES = YES;
				DEVELOPMENT_ASSET_PATHS = "\"PlantWatcher/Preview Content\"";
				ENABLE_PREVIEWS = YES;
				INFOPLIST_FILE = PlantWatcher/Info.plist;
				LD_RUNPATH_SEARCH_PATHS = (
					"$(inherited)",
					"@executable_path/../Frameworks",
				);
				MACOSX_DEPLOYMENT_TARGET = 10.15;
				PRODUCT_BUNDLE_IDENTIFIER = com.mmalmsten.PlantWatcher;
				PRODUCT_NAME = "$(TARGET_NAME)";
				SWIFT_VERSION = 5.0;
			};
			name = Release;
		};
		16E41A9A25345075003888C9 /* Debug */ = {
			isa = XCBuildConfiguration;
			buildSettings = {
				ALWAYS_EMBED_SWIFT_STANDARD_LIBRARIES = YES;
				BUNDLE_LOADER = "$(TEST_HOST)";
				CODE_SIGN_STYLE = Automatic;
				COMBINE_HIDPI_IMAGES = YES;
				INFOPLIST_FILE = PlantWatcherTests/Info.plist;
				LD_RUNPATH_SEARCH_PATHS = (
					"$(inherited)",
					"@executable_path/../Frameworks",
					"@loader_path/../Frameworks",
				);
				MACOSX_DEPLOYMENT_TARGET = 10.15;
				PRODUCT_BUNDLE_IDENTIFIER = com.mmalmsten.PlantWatcherTests;
				PRODUCT_NAME = "$(TARGET_NAME)";
				SWIFT_VERSION = 5.0;
				TEST_HOST = "$(BUILT_PRODUCTS_DIR)/PlantWatcher.app/Contents/MacOS/PlantWatcher";
			};
			name = Debug;
		};
		16E41A9B25345075003888C9 /* Release */ = {
			isa = XCBuildConfiguration;
			buildSettings = {
				ALWAYS_EMBED_SWIFT_STANDARD_LIBRARIES = YES;
				BUNDLE_LOADER = "$(TEST_HOST)";
				CODE_SIGN_STYLE = Automatic;
				COMBINE_HIDPI_IMAGES = YES;
				INFOPLIST_FILE = PlantWatcherTests/Info.plist;
				LD_RUNPATH_SEARCH_PATHS = (
					"$(inherited)",
					"@executable_path/../Frameworks",
					"@loader_path/../Frameworks",
				);
				MACOSX_DEPLOYMENT_TARGET = 10.15;
				PRODUCT_BUNDLE_IDENTIFIER = com.mmalmsten.PlantWatcherTests;
				PRODUCT_NAME = "$(TARGET_NAME)";
				SWIFT_VERSION = 5.0;
				TEST_HOST = "$(BUILT_PRODUCTS_DIR)/PlantWatcher.app/Contents/MacOS/PlantWatcher";
			};
			name = Release;
		};
		16E41A9D25345075003888C9 /* Debug */ = {
			isa = XCBuildConfiguration;
			buildSettings = {
				ALWAYS_EMBED_SWIFT_STANDARD_LIBRARIES = YES;
				CODE_SIGN_STYLE = Automatic;
				COMBINE_HIDPI_IMAGES = YES;
				INFOPLIST_FILE = PlantWatcherUITests/Info.plist;
				LD_RUNPATH_SEARCH_PATHS = (
					"$(inherited)",
					"@executable_path/../Frameworks",
					"@loader_path/../Frameworks",
				);
				PRODUCT_BUNDLE_IDENTIFIER = com.mmalmsten.PlantWatcherUITests;
				PRODUCT_NAME = "$(TARGET_NAME)";
				SWIFT_VERSION = 5.0;
				TEST_TARGET_NAME = PlantWatcher;
			};
			name = Debug;
		};
		16E41A9E25345075003888C9 /* Release */ = {
			isa = XCBuildConfiguration;
			buildSettings = {
				ALWAYS_EMBED_SWIFT_STANDARD_LIBRARIES = YES;
				CODE_SIGN_STYLE = Automatic;
				COMBINE_HIDPI_IMAGES = YES;
				INFOPLIST_FILE = PlantWatcherUITests/Info.plist;
				LD_RUNPATH_SEARCH_PATHS = (
					"$(inherited)",
					"@executable_path/../Frameworks",
					"@loader_path/../Frameworks",
				);
				PRODUCT_BUNDLE_IDENTIFIER = com.mmalmsten.PlantWatcherUITests;
				PRODUCT_NAME = "$(TARGET_NAME)";
				SWIFT_VERSION = 5.0;
				TEST_TARGET_NAME = PlantWatcher;
			};
			name = Release;
		};
/* End XCBuildConfiguration section */

/* Begin XCConfigurationList section */
		16E41A6825345072003888C9 /* Build configuration list for PBXProject "PlantWatcher" */ = {
			isa = XCConfigurationList;
			buildConfigurations = (
				16E41A9425345075003888C9 /* Debug */,
				16E41A9525345075003888C9 /* Release */,
			);
			defaultConfigurationIsVisible = 0;
			defaultConfigurationName = Release;
		};
		16E41A9625345075003888C9 /* Build configuration list for PBXNativeTarget "PlantWatcher" */ = {
			isa = XCConfigurationList;
			buildConfigurations = (
				16E41A9725345075003888C9 /* Debug */,
				16E41A9825345075003888C9 /* Release */,
			);
			defaultConfigurationIsVisible = 0;
			defaultConfigurationName = Release;
		};
		16E41A9925345075003888C9 /* Build configuration list for PBXNativeTarget "PlantWatcherTests" */ = {
			isa = XCConfigurationList;
			buildConfigurations = (
				16E41A9A25345075003888C9 /* Debug */,
				16E41A9B25345075003888C9 /* Release */,
			);
			defaultConfigurationIsVisible = 0;
			defaultConfigurationName = Release;
		};
		16E41A9C25345075003888C9 /* Build configuration list for PBXNativeTarget "PlantWatcherUITests" */ = {
			isa = XCConfigurationList;
			buildConfigurations = (
				16E41A9D25345075003888C9 /* Debug */,
				16E41A9E25345075003888C9 /* Release */,
			);
			defaultConfigurationIsVisible = 0;
			defaultConfigurationName = Release;
		};
/* End XCConfigurationList section */
	};
	rootObject = 16E41A6525345072003888C9 /* Project object */;
}
